
Microsoft Visual Studio Solution File, Format Version 12.00
# Visual Studio Version 16
VisualStudioVersion = 16.0.32428.217
MinimumVisualStudioVersion = 10.0.40219.1
Project("{FAE04EC0-301F-11D3-BF4B-00C04F79EFBC}") = "NickolasGettelHomework01", "NickolasGettelHomework01\NickolasGettelHomework01.csproj", "{205EFC80-48F8-4BA5-9393-BC09578ACC6C}"
EndProject
Global
	GlobalSection(SolutionConfigurationPlatforms) = preSolution
		Debug|Any CPU = Debug|Any CPU
		Release|Any CPU = Release|Any CPU
	EndGlobalSection
	GlobalSection(ProjectConfigurationPlatforms) = postSolution
		{205EFC80-48F8-4BA5-9393-BC09578ACC6C}.Debug|Any CPU.ActiveCfg = Debug|Any CPU
		{205EFC80-48F8-4BA5-9393-BC09578ACC6C}.Debug|Any CPU.Build.0 = Debug|Any CPU
		{205EFC80-48F8-4BA5-9393-BC09578ACC6C}.Release|Any CPU.ActiveCfg = Release|Any CPU
		{205EFC80-48F8-4BA5-9393-BC09578ACC6C}.Release|Any CPU.Build.0 = Release|Any CPU
	EndGlobalSection
	GlobalSection(SolutionProperties) = preSolution
		HideSolutionNode = FALSE
	EndGlobalSection
	GlobalSection(ExtensibilityGlobals) = postSolution
		SolutionGuid = {FB6EDE82-116E-4264-9AE1-BAE9DF780317}
	EndGlobalSection
EndGlobal
